
Microsoft Visual Studio Solution File, Format Version 11.00
# Visual Studio 2010
Project("{FAE04EC0-301F-11D3-BF4B-00C04F79EFBC}") = "Goats", "Assembly-CSharp-firstpass.csproj", "{9BB33F4B-2301-8B93-B522-780733B9F31F}"
EndProject
Project("{FAE04EC0-301F-11D3-BF4B-00C04F79EFBC}") = "Goats", "Assembly-CSharp.csproj", "{2497650F-8AA0-3FC6-CC3F-1F1F1534B534}"
EndProject
Project("{FAE04EC0-301F-11D3-BF4B-00C04F79EFBC}") = "Goats", "Assembly-CSharp-Editor-firstpass.csproj", "{435F3855-EBFB-7CB4-4ECF-7366970D50AD}"
EndProject
Global
	GlobalSection(SolutionConfigurationPlatforms) = preSolution
		Debug|Any CPU = Debug|Any CPU
		Release|Any CPU = Release|Any CPU
	EndGlobalSection
	GlobalSection(ProjectConfigurationPlatforms) = postSolution
		{9BB33F4B-2301-8B93-B522-780733B9F31F}.Debug|Any CPU.ActiveCfg = Debug|Any CPU
		{9BB33F4B-2301-8B93-B522-780733B9F31F}.Debug|Any CPU.Build.0 = Debug|Any CPU
		{9BB33F4B-2301-8B93-B522-780733B9F31F}.Release|Any CPU.ActiveCfg = Release|Any CPU
		{9BB33F4B-2301-8B93-B522-780733B9F31F}.Release|Any CPU.Build.0 = Release|Any CPU
		{2497650F-8AA0-3FC6-CC3F-1F1F1534B534}.Debug|Any CPU.ActiveCfg = Debug|Any CPU
		{2497650F-8AA0-3FC6-CC3F-1F1F1534B534}.Debug|Any CPU.Build.0 = Debug|Any CPU
		{2497650F-8AA0-3FC6-CC3F-1F1F1534B534}.Release|Any CPU.ActiveCfg = Release|Any CPU
		{2497650F-8AA0-3FC6-CC3F-1F1F1534B534}.Release|Any CPU.Build.0 = Release|Any CPU
		{435F3855-EBFB-7CB4-4ECF-7366970D50AD}.Debug|Any CPU.ActiveCfg = Debug|Any CPU
		{435F3855-EBFB-7CB4-4ECF-7366970D50AD}.Debug|Any CPU.Build.0 = Debug|Any CPU
		{435F3855-EBFB-7CB4-4ECF-7366970D50AD}.Release|Any CPU.ActiveCfg = Release|Any CPU
		{435F3855-EBFB-7CB4-4ECF-7366970D50AD}.Release|Any CPU.Build.0 = Release|Any CPU
	EndGlobalSection
	GlobalSection(SolutionProperties) = preSolution
		HideSolutionNode = FALSE
	EndGlobalSection
	GlobalSection(MonoDevelopProperties) = preSolution
		StartupItem = Assembly-CSharp.csproj
	EndGlobalSection
EndGlobal
